
Microsoft Visual Studio Solution File, Format Version 12.00
# Visual Studio Version 17
VisualStudioVersion = 17.3.32825.248
MinimumVisualStudioVersion = 10.0.40219.1
Project("{9A19103F-16F7-4668-BE54-9A1E7A4F7556}") = "BitTools", "BitTools.csproj", "{6B4E98EB-2726-4E20-931C-B9B05F4D202C}"
EndProject
Project("{2150E333-8FDC-42A3-9474-1A3956D46DE8}") = "Solution Items", "Solution Items", "{9C0A7751-0A45-404B-BCC0-6B5E9E531D67}"
	ProjectSection(SolutionItems) = preProject
		.editorconfig = .editorconfig
	EndProjectSection
EndProject
Project("{FAE04EC0-301F-11D3-BF4B-00C04F79EFBC}") = "BitTools.Tests", "BitTools.Tests\BitTools.Tests.csproj", "{6F38BEBF-908A-4BD0-A2A2-0E607EB67CF4}"
EndProject
Global
	GlobalSection(SolutionConfigurationPlatforms) = preSolution
		Debug|Any CPU = Debug|Any CPU
		Release|Any CPU = Release|Any CPU
	EndGlobalSection
	GlobalSection(ProjectConfigurationPlatforms) = postSolution
		{6B4E98EB-2726-4E20-931C-B9B05F4D202C}.Debug|Any CPU.ActiveCfg = Debug|Any CPU
		{6B4E98EB-2726-4E20-931C-B9B05F4D202C}.Debug|Any CPU.Build.0 = Debug|Any CPU
		{6B4E98EB-2726-4E20-931C-B9B05F4D202C}.Release|Any CPU.ActiveCfg = Release|Any CPU
		{6B4E98EB-2726-4E20-931C-B9B05F4D202C}.Release|Any CPU.Build.0 = Release|Any CPU
		{6F38BEBF-908A-4BD0-A2A2-0E607EB67CF4}.Debug|Any CPU.ActiveCfg = Debug|Any CPU
		{6F38BEBF-908A-4BD0-A2A2-0E607EB67CF4}.Debug|Any CPU.Build.0 = Debug|Any CPU
		{6F38BEBF-908A-4BD0-A2A2-0E607EB67CF4}.Release|Any CPU.ActiveCfg = Release|Any CPU
		{6F38BEBF-908A-4BD0-A2A2-0E607EB67CF4}.Release|Any CPU.Build.0 = Release|Any CPU
	EndGlobalSection
	GlobalSection(SolutionProperties) = preSolution
		HideSolutionNode = FALSE
	EndGlobalSection
	GlobalSection(ExtensibilityGlobals) = postSolution
		SolutionGuid = {AFD05F92-0554-4A6A-B133-6F735D447C14}
	EndGlobalSection
EndGlobal
